
Microsoft Visual Studio Solution File, Format Version 12.00
# Visual Studio 15
VisualStudioVersion = 15.0.27703.2035
MinimumVisualStudioVersion = 10.0.40219.1
Project("{8BC9CEB8-8B4A-11D0-8D11-00A0C91BC942}") = "AppGPUImageWin10Demo", "AppGPUImageWin10Demo.vcxproj", "{6FD9E004-D2F4-41DA-8E5A-7DEC1D839401}"
	ProjectSection(ProjectDependencies) = postProject
		{5F775900-4B03-880B-B4B1-880BA05C880B} = {5F775900-4B03-880B-B4B1-880BA05C880B}
		{0D19B900-79F8-379C-8210-C372EE6E9EFD} = {0D19B900-79F8-379C-8210-C372EE6E9EFD}
		{4783A312-3351-9718-1CE5-073F0852737D} = {4783A312-3351-9718-1CE5-073F0852737D}
		{F952D147-65BD-85BE-AEFB-36641AA56313} = {F952D147-65BD-85BE-AEFB-36641AA56313}
		{6C90947C-58C7-950D-01B4-7B10EDC9110F} = {6C90947C-58C7-950D-01B4-7B10EDC9110F}
		{C499947C-B0D0-950D-59BD-7B1045D3110F} = {C499947C-B0D0-950D-59BD-7B1045D3110F}
		{2EB2967C-1AE9-970D-C3D5-7D10AFEB130F} = {2EB2967C-1AE9-970D-C3D5-7D10AFEB130F}
		{FF44D591-6B24-542D-743C-DF03E09ABA8E} = {FF44D591-6B24-542D-743C-DF03E09ABA8E}
		{FE558099-EFD7-41A5-9E16-5032F8952651} = {FE558099-EFD7-41A5-9E16-5032F8952651}
		{A7B931CA-136F-AABF-9C63-A4960818A1C3} = {A7B931CA-136F-AABF-9C63-A4960818A1C3}
	EndProjectSection
EndProject
Project("{8BC9CEB8-8B4A-11D0-8D11-00A0C91BC942}") = "AppGPUImage", "..\..\..\src\win10\AppGPUImage.vcxproj", "{FE558099-EFD7-41A5-9E16-5032F8952651}"
	ProjectSection(ProjectDependencies) = postProject
		{5F775900-4B03-880B-B4B1-880BA05C880B} = {5F775900-4B03-880B-B4B1-880BA05C880B}
		{0D19B900-79F8-379C-8210-C372EE6E9EFD} = {0D19B900-79F8-379C-8210-C372EE6E9EFD}
		{4783A312-3351-9718-1CE5-073F0852737D} = {4783A312-3351-9718-1CE5-073F0852737D}
		{F952D147-65BD-85BE-AEFB-36641AA56313} = {F952D147-65BD-85BE-AEFB-36641AA56313}
		{6C90947C-58C7-950D-01B4-7B10EDC9110F} = {6C90947C-58C7-950D-01B4-7B10EDC9110F}
		{C499947C-B0D0-950D-59BD-7B1045D3110F} = {C499947C-B0D0-950D-59BD-7B1045D3110F}
		{2EB2967C-1AE9-970D-C3D5-7D10AFEB130F} = {2EB2967C-1AE9-970D-C3D5-7D10AFEB130F}
		{FF44D591-6B24-542D-743C-DF03E09ABA8E} = {FF44D591-6B24-542D-743C-DF03E09ABA8E}
		{A7B931CA-136F-AABF-9C63-A4960818A1C3} = {A7B931CA-136F-AABF-9C63-A4960818A1C3}
	EndProjectSection
EndProject
Project("{8BC9CEB8-8B4A-11D0-8D11-00A0C91BC942}") = "fcpp", "..\..\..\src\common_deps\bgfx\.build\projects\vs2017\fcpp.vcxproj", "{2EB2967C-1AE9-970D-C3D5-7D10AFEB130F}"
EndProject
Project("{8BC9CEB8-8B4A-11D0-8D11-00A0C91BC942}") = "shaderc", "..\..\..\src\common_deps\bgfx\.build\projects\vs2017\shaderc.vcxproj", "{FF44D591-6B24-542D-743C-DF03E09ABA8E}"
EndProject
Project("{8BC9CEB8-8B4A-11D0-8D11-00A0C91BC942}") = "bimg_decode", "..\..\..\src\common_deps\bgfx\.build\projects\vs2017\bimg_decode.vcxproj", "{A7B931CA-136F-AABF-9C63-A4960818A1C3}"
EndProject
Project("{8BC9CEB8-8B4A-11D0-8D11-00A0C91BC942}") = "bimg", "..\..\..\src\common_deps\bgfx\.build\projects\vs2017\bimg.vcxproj", "{C499947C-B0D0-950D-59BD-7B1045D3110F}"
EndProject
Project("{8BC9CEB8-8B4A-11D0-8D11-00A0C91BC942}") = "bgfx", "..\..\..\src\common_deps\bgfx\.build\projects\vs2017\bgfx.vcxproj", "{6C90947C-58C7-950D-01B4-7B10EDC9110F}"
	ProjectSection(ProjectDependencies) = postProject
		{5F775900-4B03-880B-B4B1-880BA05C880B} = {5F775900-4B03-880B-B4B1-880BA05C880B}
	EndProjectSection
EndProject
Project("{8BC9CEB8-8B4A-11D0-8D11-00A0C91BC942}") = "glslang", "..\..\..\src\common_deps\bgfx\.build\projects\vs2017\glslang.vcxproj", "{0D19B900-79F8-379C-8210-C372EE6E9EFD}"
EndProject
Project("{8BC9CEB8-8B4A-11D0-8D11-00A0C91BC942}") = "glsl-optimizer", "..\..\..\src\common_deps\bgfx\.build\projects\vs2017\glsl-optimizer.vcxproj", "{4783A312-3351-9718-1CE5-073F0852737D}"
EndProject
Project("{8BC9CEB8-8B4A-11D0-8D11-00A0C91BC942}") = "spirv-opt", "..\..\..\src\common_deps\bgfx\.build\projects\vs2017\spirv-opt.vcxproj", "{F952D147-65BD-85BE-AEFB-36641AA56313}"
EndProject
Project("{8BC9CEB8-8B4A-11D0-8D11-00A0C91BC942}") = "bx", "..\..\..\src\common_deps\bgfx\.build\projects\vs2017\bx.vcxproj", "{5F775900-4B03-880B-B4B1-880BA05C880B}"
EndProject
Global
	GlobalSection(SolutionConfigurationPlatforms) = preSolution
		Debug|x64 = Debug|x64
		Debug|x86 = Debug|x86
		Release|x64 = Release|x64
		Release|x86 = Release|x86
	EndGlobalSection
	GlobalSection(ProjectConfigurationPlatforms) = postSolution
		{6FD9E004-D2F4-41DA-8E5A-7DEC1D839401}.Debug|x64.ActiveCfg = Debug|x64
		{6FD9E004-D2F4-41DA-8E5A-7DEC1D839401}.Debug|x64.Build.0 = Debug|x64
		{6FD9E004-D2F4-41DA-8E5A-7DEC1D839401}.Debug|x86.ActiveCfg = Debug|Win32
		{6FD9E004-D2F4-41DA-8E5A-7DEC1D839401}.Debug|x86.Build.0 = Debug|Win32
		{6FD9E004-D2F4-41DA-8E5A-7DEC1D839401}.Release|x64.ActiveCfg = Release|x64
		{6FD9E004-D2F4-41DA-8E5A-7DEC1D839401}.Release|x64.Build.0 = Release|x64
		{6FD9E004-D2F4-41DA-8E5A-7DEC1D839401}.Release|x86.ActiveCfg = Release|Win32
		{6FD9E004-D2F4-41DA-8E5A-7DEC1D839401}.Release|x86.Build.0 = Release|Win32
		{FE558099-EFD7-41A5-9E16-5032F8952651}.Debug|x64.ActiveCfg = Debug|x64
		{FE558099-EFD7-41A5-9E16-5032F8952651}.Debug|x64.Build.0 = Debug|x64
		{FE558099-EFD7-41A5-9E16-5032F8952651}.Debug|x86.ActiveCfg = Debug|Win32
		{FE558099-EFD7-41A5-9E16-5032F8952651}.Debug|x86.Build.0 = Debug|Win32
		{FE558099-EFD7-41A5-9E16-5032F8952651}.Release|x64.ActiveCfg = Release|x64
		{FE558099-EFD7-41A5-9E16-5032F8952651}.Release|x64.Build.0 = Release|x64
		{FE558099-EFD7-41A5-9E16-5032F8952651}.Release|x86.ActiveCfg = Release|Win32
		{FE558099-EFD7-41A5-9E16-5032F8952651}.Release|x86.Build.0 = Release|Win32
		{2EB2967C-1AE9-970D-C3D5-7D10AFEB130F}.Debug|x64.ActiveCfg = Debug|x64
		{2EB2967C-1AE9-970D-C3D5-7D10AFEB130F}.Debug|x64.Build.0 = Debug|x64
		{2EB2967C-1AE9-970D-C3D5-7D10AFEB130F}.Debug|x86.ActiveCfg = Debug|Win32
		{2EB2967C-1AE9-970D-C3D5-7D10AFEB130F}.Debug|x86.Build.0 = Debug|Win32
		{2EB2967C-1AE9-970D-C3D5-7D10AFEB130F}.Release|x64.ActiveCfg = Release|x64
		{2EB2967C-1AE9-970D-C3D5-7D10AFEB130F}.Release|x64.Build.0 = Release|x64
		{2EB2967C-1AE9-970D-C3D5-7D10AFEB130F}.Release|x86.ActiveCfg = Release|Win32
		{2EB2967C-1AE9-970D-C3D5-7D10AFEB130F}.Release|x86.Build.0 = Release|Win32
		{FF44D591-6B24-542D-743C-DF03E09ABA8E}.Debug|x64.ActiveCfg = Debug|x64
		{FF44D591-6B24-542D-743C-DF03E09ABA8E}.Debug|x64.Build.0 = Debug|x64
		{FF44D591-6B24-542D-743C-DF03E09ABA8E}.Debug|x86.ActiveCfg = Debug|Win32
		{FF44D591-6B24-542D-743C-DF03E09ABA8E}.Debug|x86.Build.0 = Debug|Win32
		{FF44D591-6B24-542D-743C-DF03E09ABA8E}.Release|x64.ActiveCfg = Release|x64
		{FF44D591-6B24-542D-743C-DF03E09ABA8E}.Release|x64.Build.0 = Release|x64
		{FF44D591-6B24-542D-743C-DF03E09ABA8E}.Release|x86.ActiveCfg = Release|Win32
		{FF44D591-6B24-542D-743C-DF03E09ABA8E}.Release|x86.Build.0 = Release|Win32
		{A7B931CA-136F-AABF-9C63-A4960818A1C3}.Debug|x64.ActiveCfg = Debug|x64
		{A7B931CA-136F-AABF-9C63-A4960818A1C3}.Debug|x64.Build.0 = Debug|x64
		{A7B931CA-136F-AABF-9C63-A4960818A1C3}.Debug|x86.ActiveCfg = Debug|Win32
		{A7B931CA-136F-AABF-9C63-A4960818A1C3}.Debug|x86.Build.0 = Debug|Win32
		{A7B931CA-136F-AABF-9C63-A4960818A1C3}.Release|x64.ActiveCfg = Release|x64
		{A7B931CA-136F-AABF-9C63-A4960818A1C3}.Release|x64.Build.0 = Release|x64
		{A7B931CA-136F-AABF-9C63-A4960818A1C3}.Release|x86.ActiveCfg = Release|Win32
		{A7B931CA-136F-AABF-9C63-A4960818A1C3}.Release|x86.Build.0 = Release|Win32
		{C499947C-B0D0-950D-59BD-7B1045D3110F}.Debug|x64.ActiveCfg = Debug|x64
		{C499947C-B0D0-950D-59BD-7B1045D3110F}.Debug|x64.Build.0 = Debug|x64
		{C499947C-B0D0-950D-59BD-7B1045D3110F}.Debug|x86.ActiveCfg = Debug|Win32
		{C499947C-B0D0-950D-59BD-7B1045D3110F}.Debug|x86.Build.0 = Debug|Win32
		{C499947C-B0D0-950D-59BD-7B1045D3110F}.Release|x64.ActiveCfg = Release|x64
		{C499947C-B0D0-950D-59BD-7B1045D3110F}.Release|x64.Build.0 = Release|x64
		{C499947C-B0D0-950D-59BD-7B1045D3110F}.Release|x86.ActiveCfg = Release|Win32
		{C499947C-B0D0-950D-59BD-7B1045D3110F}.Release|x86.Build.0 = Release|Win32
		{6C90947C-58C7-950D-01B4-7B10EDC9110F}.Debug|x64.ActiveCfg = Debug|x64
		{6C90947C-58C7-950D-01B4-7B10EDC9110F}.Debug|x64.Build.0 = Debug|x64
		{6C90947C-58C7-950D-01B4-7B10EDC9110F}.Debug|x86.ActiveCfg = Debug|Win32
		{6C90947C-58C7-950D-01B4-7B10EDC9110F}.Debug|x86.Build.0 = Debug|Win32
		{6C90947C-58C7-950D-01B4-7B10EDC9110F}.Release|x64.ActiveCfg = Release|x64
		{6C90947C-58C7-950D-01B4-7B10EDC9110F}.Release|x64.Build.0 = Release|x64
		{6C90947C-58C7-950D-01B4-7B10EDC9110F}.Release|x86.ActiveCfg = Release|Win32
		{6C90947C-58C7-950D-01B4-7B10EDC9110F}.Release|x86.Build.0 = Release|Win32
		{0D19B900-79F8-379C-8210-C372EE6E9EFD}.Debug|x64.ActiveCfg = Debug|x64
		{0D19B900-79F8-379C-8210-C372EE6E9EFD}.Debug|x64.Build.0 = Debug|x64
		{0D19B900-79F8-379C-8210-C372EE6E9EFD}.Debug|x86.ActiveCfg = Debug|Win32
		{0D19B900-79F8-379C-8210-C372EE6E9EFD}.Debug|x86.Build.0 = Debug|Win32
		{0D19B900-79F8-379C-8210-C372EE6E9EFD}.Release|x64.ActiveCfg = Release|x64
		{0D19B900-79F8-379C-8210-C372EE6E9EFD}.Release|x64.Build.0 = Release|x64
		{0D19B900-79F8-379C-8210-C372EE6E9EFD}.Release|x86.ActiveCfg = Release|Win32
		{0D19B900-79F8-379C-8210-C372EE6E9EFD}.Release|x86.Build.0 = Release|Win32
		{4783A312-3351-9718-1CE5-073F0852737D}.Debug|x64.ActiveCfg = Debug|x64
		{4783A312-3351-9718-1CE5-073F0852737D}.Debug|x64.Build.0 = Debug|x64
		{4783A312-3351-9718-1CE5-073F0852737D}.Debug|x86.ActiveCfg = Debug|Win32
		{4783A312-3351-9718-1CE5-073F0852737D}.Debug|x86.Build.0 = Debug|Win32
		{4783A312-3351-9718-1CE5-073F0852737D}.Release|x64.ActiveCfg = Release|x64
		{4783A312-3351-9718-1CE5-073F0852737D}.Release|x64.Build.0 = Release|x64
		{4783A312-3351-9718-1CE5-073F0852737D}.Release|x86.ActiveCfg = Release|Win32
		{4783A312-3351-9718-1CE5-073F0852737D}.Release|x86.Build.0 = Release|Win32
		{F952D147-65BD-85BE-AEFB-36641AA56313}.Debug|x64.ActiveCfg = Debug|x64
		{F952D147-65BD-85BE-AEFB-36641AA56313}.Debug|x64.Build.0 = Debug|x64
		{F952D147-65BD-85BE-AEFB-36641AA56313}.Debug|x86.ActiveCfg = Debug|Win32
		{F952D147-65BD-85BE-AEFB-36641AA56313}.Debug|x86.Build.0 = Debug|Win32
		{F952D147-65BD-85BE-AEFB-36641AA56313}.Release|x64.ActiveCfg = Release|x64
		{F952D147-65BD-85BE-AEFB-36641AA56313}.Release|x64.Build.0 = Release|x64
		{F952D147-65BD-85BE-AEFB-36641AA56313}.Release|x86.ActiveCfg = Release|Win32
		{F952D147-65BD-85BE-AEFB-36641AA56313}.Release|x86.Build.0 = Release|Win32
		{5F775900-4B03-880B-B4B1-880BA05C880B}.Debug|x64.ActiveCfg = Debug|x64
		{5F775900-4B03-880B-B4B1-880BA05C880B}.Debug|x64.Build.0 = Debug|x64
		{5F775900-4B03-880B-B4B1-880BA05C880B}.Debug|x86.ActiveCfg = Debug|Win32
		{5F775900-4B03-880B-B4B1-880BA05C880B}.Debug|x86.Build.0 = Debug|Win32
		{5F775900-4B03-880B-B4B1-880BA05C880B}.Release|x64.ActiveCfg = Release|x64
		{5F775900-4B03-880B-B4B1-880BA05C880B}.Release|x64.Build.0 = Release|x64
		{5F775900-4B03-880B-B4B1-880BA05C880B}.Release|x86.ActiveCfg = Release|Win32
		{5F775900-4B03-880B-B4B1-880BA05C880B}.Release|x86.Build.0 = Release|Win32
	EndGlobalSection
	GlobalSection(SolutionProperties) = preSolution
		HideSolutionNode = FALSE
	EndGlobalSection
	GlobalSection(ExtensibilityGlobals) = postSolution
		SolutionGuid = {A8BC6D27-B92D-45F8-8CC7-CB62661146B2}
	EndGlobalSection
EndGlobal
