// !$*UTF8*$!
{
	archiveVersion = 1;
	classes = {
	};
	objectVersion = 50;
	objects = {

/* Begin PBXBuildFile section */
		EB7AD78E20EC898C00B2D711 /* big_buck_bunny.mp4 in Resources */ = {isa = PBXBuildFile; fileRef = EB7AD78D20EC898B00B2D711 /* big_buck_bunny.mp4 */; };
		EB7AD79020EC8B9000B2D711 /* AVFoundation.framework in Frameworks */ = {isa = PBXBuildFile; fileRef = EB7AD78F20EC8B9000B2D711 /* AVFoundation.framework */; };
		EB7AD79220EC900E00B2D711 /* CoreMedia.framework in Frameworks */ = {isa = PBXBuildFile; fileRef = EB7AD79120EC900E00B2D711 /* CoreMedia.framework */; };
		EBAA414220EB254D002FC1B2 /* SplashScreen.png in Resources */ = {isa = PBXBuildFile; fileRef = EBAA414120EB254C002FC1B2 /* SplashScreen.png */; };
		EBD56C5920E4A13B00DBDCC2 /* AppGPUImage.framework in Frameworks */ = {isa = PBXBuildFile; fileRef = EE550B4320E2812C00EFA54B /* AppGPUImage.framework */; };
		EBD56C5A20E4A13B00DBDCC2 /* AppGPUImage.framework in Embed Frameworks */ = {isa = PBXBuildFile; fileRef = EE550B4320E2812C00EFA54B /* AppGPUImage.framework */; settings = {ATTRIBUTES = (CodeSignOnCopy, RemoveHeadersOnCopy, ); }; };
		EBD56D7C20E4DD7300DBDCC2 /* parallax-d.png in Resources */ = {isa = PBXBuildFile; fileRef = EBD56D7B20E4DD7300DBDCC2 /* parallax-d.png */; };
		EE550A2220E2747A00EFA54B /* AppDelegate.m in Sources */ = {isa = PBXBuildFile; fileRef = EE550A2120E2747A00EFA54B /* AppDelegate.m */; };
		EE550A2520E2747A00EFA54B /* ViewController.mm in Sources */ = {isa = PBXBuildFile; fileRef = EE550A2420E2747A00EFA54B /* ViewController.mm */; };
		EE550A2720E2747C00EFA54B /* Assets.xcassets in Resources */ = {isa = PBXBuildFile; fileRef = EE550A2620E2747C00EFA54B /* Assets.xcassets */; };
		EE550A2A20E2747C00EFA54B /* Main.storyboard in Resources */ = {isa = PBXBuildFile; fileRef = EE550A2820E2747C00EFA54B /* Main.storyboard */; };
		EE550A2D20E2747C00EFA54B /* main.m in Sources */ = {isa = PBXBuildFile; fileRef = EE550A2C20E2747C00EFA54B /* main.m */; };
/* End PBXBuildFile section */

/* Begin PBXContainerItemProxy section */
		EBD56C5B20E4A13B00DBDCC2 /* PBXContainerItemProxy */ = {
			isa = PBXContainerItemProxy;
			containerPortal = EE550A3A20E2753B00EFA54B /* AppGPUImage.xcodeproj */;
			proxyType = 1;
			remoteGlobalIDString = EE550A0820E2726200EFA54B;
			remoteInfo = AppGPUImage;
		};
		EE550B4220E2812C00EFA54B /* PBXContainerItemProxy */ = {
			isa = PBXContainerItemProxy;
			containerPortal = EE550A3A20E2753B00EFA54B /* AppGPUImage.xcodeproj */;
			proxyType = 2;
			remoteGlobalIDString = EE550A0920E2726200EFA54B;
			remoteInfo = AppGPUImage;
		};
/* End PBXContainerItemProxy section */

/* Begin PBXCopyFilesBuildPhase section */
		EBD56C5D20E4A13B00DBDCC2 /* Embed Frameworks */ = {
			isa = PBXCopyFilesBuildPhase;
			buildActionMask = 2147483647;
			dstPath = "";
			dstSubfolderSpec = 10;
			files = (
				EBD56C5A20E4A13B00DBDCC2 /* AppGPUImage.framework in Embed Frameworks */,
			);
			name = "Embed Frameworks";
			runOnlyForDeploymentPostprocessing = 0;
		};
/* End PBXCopyFilesBuildPhase section */

/* Begin PBXFileReference section */
		EB7AD78D20EC898B00B2D711 /* big_buck_bunny.mp4 */ = {isa = PBXFileReference; lastKnownFileType = file; path = big_buck_bunny.mp4; sourceTree = "<group>"; };
		EB7AD78F20EC8B9000B2D711 /* AVFoundation.framework */ = {isa = PBXFileReference; lastKnownFileType = wrapper.framework; name = AVFoundation.framework; path = System/Library/Frameworks/AVFoundation.framework; sourceTree = SDKROOT; };
		EB7AD79120EC900E00B2D711 /* CoreMedia.framework */ = {isa = PBXFileReference; lastKnownFileType = wrapper.framework; name = CoreMedia.framework; path = System/Library/Frameworks/CoreMedia.framework; sourceTree = SDKROOT; };
		EBAA414120EB254C002FC1B2 /* SplashScreen.png */ = {isa = PBXFileReference; lastKnownFileType = image.png; path = SplashScreen.png; sourceTree = "<group>"; };
		EBD56D5E20E4C9C200DBDCC2 /* OpenGL.framework */ = {isa = PBXFileReference; lastKnownFileType = wrapper.framework; name = OpenGL.framework; path = System/Library/Frameworks/OpenGL.framework; sourceTree = SDKROOT; };
		EBD56D7B20E4DD7300DBDCC2 /* parallax-d.png */ = {isa = PBXFileReference; lastKnownFileType = image.png; path = "parallax-d.png"; sourceTree = "<group>"; };
		EE550A1D20E2747A00EFA54B /* AppGPUImageMacOSXDemo.app */ = {isa = PBXFileReference; explicitFileType = wrapper.application; includeInIndex = 0; path = AppGPUImageMacOSXDemo.app; sourceTree = BUILT_PRODUCTS_DIR; };
		EE550A2020E2747A00EFA54B /* AppDelegate.h */ = {isa = PBXFileReference; lastKnownFileType = sourcecode.c.h; path = AppDelegate.h; sourceTree = "<group>"; };
		EE550A2120E2747A00EFA54B /* AppDelegate.m */ = {isa = PBXFileReference; lastKnownFileType = sourcecode.c.objc; path = AppDelegate.m; sourceTree = "<group>"; };
		EE550A2320E2747A00EFA54B /* ViewController.h */ = {isa = PBXFileReference; lastKnownFileType = sourcecode.c.h; path = ViewController.h; sourceTree = "<group>"; };
		EE550A2420E2747A00EFA54B /* ViewController.mm */ = {isa = PBXFileReference; lastKnownFileType = sourcecode.cpp.objcpp; path = ViewController.mm; sourceTree = "<group>"; };
		EE550A2620E2747C00EFA54B /* Assets.xcassets */ = {isa = PBXFileReference; lastKnownFileType = folder.assetcatalog; path = Assets.xcassets; sourceTree = "<group>"; };
		EE550A2920E2747C00EFA54B /* Base */ = {isa = PBXFileReference; lastKnownFileType = file.storyboard; name = Base; path = Base.lproj/Main.storyboard; sourceTree = "<group>"; };
		EE550A2B20E2747C00EFA54B /* Info.plist */ = {isa = PBXFileReference; lastKnownFileType = text.plist.xml; path = Info.plist; sourceTree = "<group>"; };
		EE550A2C20E2747C00EFA54B /* main.m */ = {isa = PBXFileReference; lastKnownFileType = sourcecode.c.objc; path = main.m; sourceTree = "<group>"; };
		EE550A3A20E2753B00EFA54B /* AppGPUImage.xcodeproj */ = {isa = PBXFileReference; lastKnownFileType = "wrapper.pb-project"; name = AppGPUImage.xcodeproj; path = ../../src/macosx/AppGPUImage.xcodeproj; sourceTree = "<group>"; };
		EE550AB420E27E4D00EFA54B /* AppGPUImage.framework */ = {isa = PBXFileReference; explicitFileType = wrapper.framework; path = AppGPUImage.framework; sourceTree = BUILT_PRODUCTS_DIR; };
/* End PBXFileReference section */

/* Begin PBXFrameworksBuildPhase section */
		EE550A1A20E2747A00EFA54B /* Frameworks */ = {
			isa = PBXFrameworksBuildPhase;
			buildActionMask = 2147483647;
			files = (
				EB7AD79220EC900E00B2D711 /* CoreMedia.framework in Frameworks */,
				EB7AD79020EC8B9000B2D711 /* AVFoundation.framework in Frameworks */,
				EBD56C5920E4A13B00DBDCC2 /* AppGPUImage.framework in Frameworks */,
			);
			runOnlyForDeploymentPostprocessing = 0;
		};
/* End PBXFrameworksBuildPhase section */

/* Begin PBXGroup section */
		EBD56D5D20E4C9C200DBDCC2 /* Frameworks */ = {
			isa = PBXGroup;
			children = (
				EB7AD79120EC900E00B2D711 /* CoreMedia.framework */,
				EB7AD78F20EC8B9000B2D711 /* AVFoundation.framework */,
				EBD56D5E20E4C9C200DBDCC2 /* OpenGL.framework */,
			);
			name = Frameworks;
			sourceTree = "<group>";
		};
		EE550A1420E2747A00EFA54B = {
			isa = PBXGroup;
			children = (
				EE550AB420E27E4D00EFA54B /* AppGPUImage.framework */,
				EE550A1F20E2747A00EFA54B /* AppGPUImageMacOSXDemo */,
				EE550A1E20E2747A00EFA54B /* Products */,
				EE550A3A20E2753B00EFA54B /* AppGPUImage.xcodeproj */,
				EBD56D5D20E4C9C200DBDCC2 /* Frameworks */,
			);
			sourceTree = "<group>";
		};
		EE550A1E20E2747A00EFA54B /* Products */ = {
			isa = PBXGroup;
			children = (
				EE550A1D20E2747A00EFA54B /* AppGPUImageMacOSXDemo.app */,
			);
			name = Products;
			sourceTree = "<group>";
		};
		EE550A1F20E2747A00EFA54B /* AppGPUImageMacOSXDemo */ = {
			isa = PBXGroup;
			children = (
				EBD56D7B20E4DD7300DBDCC2 /* parallax-d.png */,
				EBAA414120EB254C002FC1B2 /* SplashScreen.png */,
				EB7AD78D20EC898B00B2D711 /* big_buck_bunny.mp4 */,
				EE550A2020E2747A00EFA54B /* AppDelegate.h */,
				EE550A2120E2747A00EFA54B /* AppDelegate.m */,
				EE550A2320E2747A00EFA54B /* ViewController.h */,
				EE550A2420E2747A00EFA54B /* ViewController.mm */,
				EE550A2620E2747C00EFA54B /* Assets.xcassets */,
				EE550A2820E2747C00EFA54B /* Main.storyboard */,
				EE550A2B20E2747C00EFA54B /* Info.plist */,
				EE550A2C20E2747C00EFA54B /* main.m */,
			);
			path = AppGPUImageMacOSXDemo;
			sourceTree = "<group>";
		};
		EE550B3F20E2812B00EFA54B /* Products */ = {
			isa = PBXGroup;
			children = (
				EE550B4320E2812C00EFA54B /* AppGPUImage.framework */,
			);
			name = Products;
			sourceTree = "<group>";
		};
/* End PBXGroup section */

/* Begin PBXNativeTarget section */
		EE550A1C20E2747A00EFA54B /* AppGPUImageMacOSXDemo */ = {
			isa = PBXNativeTarget;
			buildConfigurationList = EE550A3120E2747C00EFA54B /* Build configuration list for PBXNativeTarget "AppGPUImageMacOSXDemo" */;
			buildPhases = (
				EE550A1920E2747A00EFA54B /* Sources */,
				EE550A1A20E2747A00EFA54B /* Frameworks */,
				EE550A1B20E2747A00EFA54B /* Resources */,
				EBD56C5D20E4A13B00DBDCC2 /* Embed Frameworks */,
			);
			buildRules = (
			);
			dependencies = (
				EBD56C5C20E4A13B00DBDCC2 /* PBXTargetDependency */,
			);
			name = AppGPUImageMacOSXDemo;
			productName = AppGPUImageMacOSX;
			productReference = EE550A1D20E2747A00EFA54B /* AppGPUImageMacOSXDemo.app */;
			productType = "com.apple.product-type.application";
		};
/* End PBXNativeTarget section */

/* Begin PBXProject section */
		EE550A1520E2747A00EFA54B /* Project object */ = {
			isa = PBXProject;
			attributes = {
				LastUpgradeCheck = 0940;
				ORGANIZATIONNAME = "董宏昌";
				TargetAttributes = {
					EE550A1C20E2747A00EFA54B = {
						CreatedOnToolsVersion = 9.4.1;
					};
				};
			};
			buildConfigurationList = EE550A1820E2747A00EFA54B /* Build configuration list for PBXProject "AppGPUImageMacOSXDemo" */;
			compatibilityVersion = "Xcode 9.3";
			developmentRegion = en;
			hasScannedForEncodings = 0;
			knownRegions = (
				en,
				Base,
			);
			mainGroup = EE550A1420E2747A00EFA54B;
			productRefGroup = EE550A1E20E2747A00EFA54B /* Products */;
			projectDirPath = "";
			projectReferences = (
				{
					ProductGroup = EE550B3F20E2812B00EFA54B /* Products */;
					ProjectRef = EE550A3A20E2753B00EFA54B /* AppGPUImage.xcodeproj */;
				},
			);
			projectRoot = "";
			targets = (
				EE550A1C20E2747A00EFA54B /* AppGPUImageMacOSXDemo */,
			);
		};
/* End PBXProject section */

/* Begin PBXReferenceProxy section */
		EE550B4320E2812C00EFA54B /* AppGPUImage.framework */ = {
			isa = PBXReferenceProxy;
			fileType = wrapper.framework;
			path = AppGPUImage.framework;
			remoteRef = EE550B4220E2812C00EFA54B /* PBXContainerItemProxy */;
			sourceTree = BUILT_PRODUCTS_DIR;
		};
/* End PBXReferenceProxy section */

/* Begin PBXResourcesBuildPhase section */
		EE550A1B20E2747A00EFA54B /* Resources */ = {
			isa = PBXResourcesBuildPhase;
			buildActionMask = 2147483647;
			files = (
				EE550A2720E2747C00EFA54B /* Assets.xcassets in Resources */,
				EE550A2A20E2747C00EFA54B /* Main.storyboard in Resources */,
				EB7AD78E20EC898C00B2D711 /* big_buck_bunny.mp4 in Resources */,
				EBAA414220EB254D002FC1B2 /* SplashScreen.png in Resources */,
				EBD56D7C20E4DD7300DBDCC2 /* parallax-d.png in Resources */,
			);
			runOnlyForDeploymentPostprocessing = 0;
		};
/* End PBXResourcesBuildPhase section */

/* Begin PBXSourcesBuildPhase section */
		EE550A1920E2747A00EFA54B /* Sources */ = {
			isa = PBXSourcesBuildPhase;
			buildActionMask = 2147483647;
			files = (
				EE550A2520E2747A00EFA54B /* ViewController.mm in Sources */,
				EE550A2D20E2747C00EFA54B /* main.m in Sources */,
				EE550A2220E2747A00EFA54B /* AppDelegate.m in Sources */,
			);
			runOnlyForDeploymentPostprocessing = 0;
		};
/* End PBXSourcesBuildPhase section */

/* Begin PBXTargetDependency section */
		EBD56C5C20E4A13B00DBDCC2 /* PBXTargetDependency */ = {
			isa = PBXTargetDependency;
			name = AppGPUImage;
			targetProxy = EBD56C5B20E4A13B00DBDCC2 /* PBXContainerItemProxy */;
		};
/* End PBXTargetDependency section */

/* Begin PBXVariantGroup section */
		EE550A2820E2747C00EFA54B /* Main.storyboard */ = {
			isa = PBXVariantGroup;
			children = (
				EE550A2920E2747C00EFA54B /* Base */,
			);
			name = Main.storyboard;
			sourceTree = "<group>";
		};
/* End PBXVariantGroup section */

/* Begin XCBuildConfiguration section */
		EE550A2F20E2747C00EFA54B /* Debug */ = {
			isa = XCBuildConfiguration;
			buildSettings = {
				ALWAYS_SEARCH_USER_PATHS = NO;
				CLANG_ANALYZER_NONNULL = YES;
				CLANG_ANALYZER_NUMBER_OBJECT_CONVERSION = YES_AGGRESSIVE;
				CLANG_CXX_LANGUAGE_STANDARD = "gnu++14";
				CLANG_CXX_LIBRARY = "libc++";
				CLANG_ENABLE_MODULES = YES;
				CLANG_ENABLE_OBJC_ARC = YES;
				CLANG_ENABLE_OBJC_WEAK = YES;
				CLANG_WARN_BLOCK_CAPTURE_AUTORELEASING = YES;
				CLANG_WARN_BOOL_CONVERSION = YES;
				CLANG_WARN_COMMA = YES;
				CLANG_WARN_CONSTANT_CONVERSION = YES;
				CLANG_WARN_DEPRECATED_OBJC_IMPLEMENTATIONS = YES;
				CLANG_WARN_DIRECT_OBJC_ISA_USAGE = YES_ERROR;
				CLANG_WARN_DOCUMENTATION_COMMENTS = YES;
				CLANG_WARN_EMPTY_BODY = YES;
				CLANG_WARN_ENUM_CONVERSION = YES;
				CLANG_WARN_INFINITE_RECURSION = YES;
				CLANG_WARN_INT_CONVERSION = YES;
				CLANG_WARN_NON_LITERAL_NULL_CONVERSION = YES;
				CLANG_WARN_OBJC_IMPLICIT_RETAIN_SELF = YES;
				CLANG_WARN_OBJC_LITERAL_CONVERSION = YES;
				CLANG_WARN_OBJC_ROOT_CLASS = YES_ERROR;
				CLANG_WARN_RANGE_LOOP_ANALYSIS = YES;
				CLANG_WARN_STRICT_PROTOTYPES = YES;
				CLANG_WARN_SUSPICIOUS_MOVE = YES;
				CLANG_WARN_UNGUARDED_AVAILABILITY = YES_AGGRESSIVE;
				CLANG_WARN_UNREACHABLE_CODE = YES;
				CLANG_WARN__DUPLICATE_METHOD_MATCH = YES;
				CODE_SIGN_IDENTITY = "Mac Developer";
				COPY_PHASE_STRIP = NO;
				DEBUG_INFORMATION_FORMAT = "dwarf-with-dsym";
				ENABLE_STRICT_OBJC_MSGSEND = YES;
				ENABLE_TESTABILITY = YES;
				GCC_C_LANGUAGE_STANDARD = gnu11;
				GCC_DYNAMIC_NO_PIC = NO;
				GCC_NO_COMMON_BLOCKS = YES;
				GCC_OPTIMIZATION_LEVEL = 0;
				GCC_PREPROCESSOR_DEFINITIONS = (
					"DEBUG=1",
					"$(inherited)",
				);
				GCC_WARN_64_TO_32_BIT_CONVERSION = YES;
				GCC_WARN_ABOUT_RETURN_TYPE = YES_ERROR;
				GCC_WARN_UNDECLARED_SELECTOR = YES;
				GCC_WARN_UNINITIALIZED_AUTOS = YES_AGGRESSIVE;
				GCC_WARN_UNUSED_FUNCTION = YES;
				GCC_WARN_UNUSED_VARIABLE = YES;
				MACOSX_DEPLOYMENT_TARGET = 10.13;
				MTL_ENABLE_DEBUG_INFO = YES;
				ONLY_ACTIVE_ARCH = YES;
				SDKROOT = macosx;
			};
			name = Debug;
		};
		EE550A3020E2747C00EFA54B /* Release */ = {
			isa = XCBuildConfiguration;
			buildSettings = {
				ALWAYS_SEARCH_USER_PATHS = NO;
				CLANG_ANALYZER_NONNULL = YES;
				CLANG_ANALYZER_NUMBER_OBJECT_CONVERSION = YES_AGGRESSIVE;
				CLANG_CXX_LANGUAGE_STANDARD = "gnu++14";
				CLANG_CXX_LIBRARY = "libc++";
				CLANG_ENABLE_MODULES = YES;
				CLANG_ENABLE_OBJC_ARC = YES;
				CLANG_ENABLE_OBJC_WEAK = YES;
				CLANG_WARN_BLOCK_CAPTURE_AUTORELEASING = YES;
				CLANG_WARN_BOOL_CONVERSION = YES;
				CLANG_WARN_COMMA = YES;
				CLANG_WARN_CONSTANT_CONVERSION = YES;
				CLANG_WARN_DEPRECATED_OBJC_IMPLEMENTATIONS = YES;
				CLANG_WARN_DIRECT_OBJC_ISA_USAGE = YES_ERROR;
				CLANG_WARN_DOCUMENTATION_COMMENTS = YES;
				CLANG_WARN_EMPTY_BODY = YES;
				CLANG_WARN_ENUM_CONVERSION = YES;
				CLANG_WARN_INFINITE_RECURSION = YES;
				CLANG_WARN_INT_CONVERSION = YES;
				CLANG_WARN_NON_LITERAL_NULL_CONVERSION = YES;
				CLANG_WARN_OBJC_IMPLICIT_RETAIN_SELF = YES;
				CLANG_WARN_OBJC_LITERAL_CONVERSION = YES;
				CLANG_WARN_OBJC_ROOT_CLASS = YES_ERROR;
				CLANG_WARN_RANGE_LOOP_ANALYSIS = YES;
				CLANG_WARN_STRICT_PROTOTYPES = YES;
				CLANG_WARN_SUSPICIOUS_MOVE = YES;
				CLANG_WARN_UNGUARDED_AVAILABILITY = YES_AGGRESSIVE;
				CLANG_WARN_UNREACHABLE_CODE = YES;
				CLANG_WARN__DUPLICATE_METHOD_MATCH = YES;
				CODE_SIGN_IDENTITY = "Mac Developer";
				COPY_PHASE_STRIP = NO;
				DEBUG_INFORMATION_FORMAT = "dwarf-with-dsym";
				ENABLE_NS_ASSERTIONS = NO;
				ENABLE_STRICT_OBJC_MSGSEND = YES;
				GCC_C_LANGUAGE_STANDARD = gnu11;
				GCC_NO_COMMON_BLOCKS = YES;
				GCC_WARN_64_TO_32_BIT_CONVERSION = YES;
				GCC_WARN_ABOUT_RETURN_TYPE = YES_ERROR;
				GCC_WARN_UNDECLARED_SELECTOR = YES;
				GCC_WARN_UNINITIALIZED_AUTOS = YES_AGGRESSIVE;
				GCC_WARN_UNUSED_FUNCTION = YES;
				GCC_WARN_UNUSED_VARIABLE = YES;
				MACOSX_DEPLOYMENT_TARGET = 10.13;
				MTL_ENABLE_DEBUG_INFO = NO;
				SDKROOT = macosx;
			};
			name = Release;
		};
		EE550A3220E2747C00EFA54B /* Debug */ = {
			isa = XCBuildConfiguration;
			buildSettings = {
				ASSETCATALOG_COMPILER_APPICON_NAME = AppIcon;
				CODE_SIGN_STYLE = Automatic;
				COMBINE_HIDPI_IMAGES = YES;
				DEVELOPMENT_TEAM = TDKPBS4685;
				INFOPLIST_FILE = "$(SRCROOT)/AppGPUImageMacOSXDemo/Info.plist";
				LD_RUNPATH_SEARCH_PATHS = (
					"$(inherited)",
					"@executable_path/../Frameworks",
				);
				PRODUCT_BUNDLE_IDENTIFIER = com.dhcdht.AppGPUImageMacOSX;
				PRODUCT_NAME = "$(TARGET_NAME)";
			};
			name = Debug;
		};
		EE550A3320E2747C00EFA54B /* Release */ = {
			isa = XCBuildConfiguration;
			buildSettings = {
				ASSETCATALOG_COMPILER_APPICON_NAME = AppIcon;
				CODE_SIGN_STYLE = Automatic;
				COMBINE_HIDPI_IMAGES = YES;
				DEVELOPMENT_TEAM = TDKPBS4685;
				INFOPLIST_FILE = "$(SRCROOT)/AppGPUImageMacOSXDemo/Info.plist";
				LD_RUNPATH_SEARCH_PATHS = (
					"$(inherited)",
					"@executable_path/../Frameworks",
				);
				PRODUCT_BUNDLE_IDENTIFIER = com.dhcdht.AppGPUImageMacOSX;
				PRODUCT_NAME = "$(TARGET_NAME)";
			};
			name = Release;
		};
/* End XCBuildConfiguration section */

/* Begin XCConfigurationList section */
		EE550A1820E2747A00EFA54B /* Build configuration list for PBXProject "AppGPUImageMacOSXDemo" */ = {
			isa = XCConfigurationList;
			buildConfigurations = (
				EE550A2F20E2747C00EFA54B /* Debug */,
				EE550A3020E2747C00EFA54B /* Release */,
			);
			defaultConfigurationIsVisible = 0;
			defaultConfigurationName = Release;
		};
		EE550A3120E2747C00EFA54B /* Build configuration list for PBXNativeTarget "AppGPUImageMacOSXDemo" */ = {
			isa = XCConfigurationList;
			buildConfigurations = (
				EE550A3220E2747C00EFA54B /* Debug */,
				EE550A3320E2747C00EFA54B /* Release */,
			);
			defaultConfigurationIsVisible = 0;
			defaultConfigurationName = Release;
		};
/* End XCConfigurationList section */
	};
	rootObject = EE550A1520E2747A00EFA54B /* Project object */;
}
